// !$*UTF8*$!
{
	archiveVersion = 1;
	classes = {
	};
	objectVersion = 46;
	objects = {

/* Begin PBXBuildFile section */
		95882A691C069F43002BD9DE /* AppDelegate.swift in Sources */ = {isa = PBXBuildFile; fileRef = 95882A681C069F43002BD9DE /* AppDelegate.swift */; };
		95882A6E1C069F43002BD9DE /* Main.storyboard in Resources */ = {isa = PBXBuildFile; fileRef = 95882A6C1C069F43002BD9DE /* Main.storyboard */; };
		95882A701C069F43002BD9DE /* Assets.xcassets in Resources */ = {isa = PBXBuildFile; fileRef = 95882A6F1C069F43002BD9DE /* Assets.xcassets */; };
		95882A731C069F43002BD9DE /* LaunchScreen.storyboard in Resources */ = {isa = PBXBuildFile; fileRef = 95882A711C069F43002BD9DE /* LaunchScreen.storyboard */; };
		95882A7E1C069F43002BD9DE /* SideHustleTests.swift in Sources */ = {isa = PBXBuildFile; fileRef = 95882A7D1C069F43002BD9DE /* SideHustleTests.swift */; };
		95882A891C069F43002BD9DE /* SideHustleUITests.swift in Sources */ = {isa = PBXBuildFile; fileRef = 95882A881C069F43002BD9DE /* SideHustleUITests.swift */; };
		95882A971C06A56A002BD9DE /* ServiceManager.swift in Sources */ = {isa = PBXBuildFile; fileRef = 95882A961C06A56A002BD9DE /* ServiceManager.swift */; };
		B131731D1C0BCB6300C56DB4 /* images in Resources */ = {isa = PBXBuildFile; fileRef = B131731C1C0BCB6300C56DB4 /* images */; };
		B131731F1C0BCBAE00C56DB4 /* profile.gif in Resources */ = {isa = PBXBuildFile; fileRef = B131731E1C0BCBAE00C56DB4 /* profile.gif */; };
		B131732C1C0BD07A00C56DB4 /* ProfileVC.m in Sources */ = {isa = PBXBuildFile; fileRef = B131732B1C0BD07A00C56DB4 /* ProfileVC.m */; };
		B131732F1C0BD09300C56DB4 /* BrowserVC.m in Sources */ = {isa = PBXBuildFile; fileRef = B131732E1C0BD09300C56DB4 /* BrowserVC.m */; };
		B13173311C0BD2DD00C56DB4 /* fonts in Resources */ = {isa = PBXBuildFile; fileRef = B13173301C0BD2DD00C56DB4 /* fonts */; };
		B13173341C0BDE1800C56DB4 /* User.m in Sources */ = {isa = PBXBuildFile; fileRef = B13173331C0BDE1800C56DB4 /* User.m */; };
		B13173371C0CAE6800C56DB4 /* NavController.m in Sources */ = {isa = PBXBuildFile; fileRef = B13173361C0CAE6800C56DB4 /* NavController.m */; };
/* End PBXBuildFile section */

/* Begin PBXContainerItemProxy section */
		95882A7A1C069F43002BD9DE /* PBXContainerItemProxy */ = {
			isa = PBXContainerItemProxy;
			containerPortal = 95882A5D1C069F43002BD9DE /* Project object */;
			proxyType = 1;
			remoteGlobalIDString = 95882A641C069F43002BD9DE;
			remoteInfo = SideHustle;
		};
		95882A851C069F43002BD9DE /* PBXContainerItemProxy */ = {
			isa = PBXContainerItemProxy;
			containerPortal = 95882A5D1C069F43002BD9DE /* Project object */;
			proxyType = 1;
			remoteGlobalIDString = 95882A641C069F43002BD9DE;
			remoteInfo = SideHustle;
		};
/* End PBXContainerItemProxy section */

/* Begin PBXFileReference section */
		95882A651C069F43002BD9DE /* SideHustle.app */ = {isa = PBXFileReference; explicitFileType = wrapper.application; includeInIndex = 0; path = SideHustle.app; sourceTree = BUILT_PRODUCTS_DIR; };
		95882A681C069F43002BD9DE /* AppDelegate.swift */ = {isa = PBXFileReference; lastKnownFileType = sourcecode.swift; path = AppDelegate.swift; sourceTree = "<group>"; };
		95882A6D1C069F43002BD9DE /* Base */ = {isa = PBXFileReference; lastKnownFileType = file.storyboard; name = Base; path = Base.lproj/Main.storyboard; sourceTree = "<group>"; };
		95882A6F1C069F43002BD9DE /* Assets.xcassets */ = {isa = PBXFileReference; lastKnownFileType = folder.assetcatalog; path = Assets.xcassets; sourceTree = "<group>"; };
		95882A721C069F43002BD9DE /* Base */ = {isa = PBXFileReference; lastKnownFileType = file.storyboard; name = Base; path = Base.lproj/LaunchScreen.storyboard; sourceTree = "<group>"; };
		95882A741C069F43002BD9DE /* Info.plist */ = {isa = PBXFileReference; lastKnownFileType = text.plist.xml; path = Info.plist; sourceTree = "<group>"; };
		95882A791C069F43002BD9DE /* SideHustleTests.xctest */ = {isa = PBXFileReference; explicitFileType = wrapper.cfbundle; includeInIndex = 0; path = SideHustleTests.xctest; sourceTree = BUILT_PRODUCTS_DIR; };
		95882A7D1C069F43002BD9DE /* SideHustleTests.swift */ = {isa = PBXFileReference; lastKnownFileType = sourcecode.swift; path = SideHustleTests.swift; sourceTree = "<group>"; };
		95882A7F1C069F43002BD9DE /* Info.plist */ = {isa = PBXFileReference; lastKnownFileType = text.plist.xml; path = Info.plist; sourceTree = "<group>"; };
		95882A841C069F43002BD9DE /* SideHustleUITests.xctest */ = {isa = PBXFileReference; explicitFileType = wrapper.cfbundle; includeInIndex = 0; path = SideHustleUITests.xctest; sourceTree = BUILT_PRODUCTS_DIR; };
		95882A881C069F43002BD9DE /* SideHustleUITests.swift */ = {isa = PBXFileReference; lastKnownFileType = sourcecode.swift; path = SideHustleUITests.swift; sourceTree = "<group>"; };
		95882A8A1C069F43002BD9DE /* Info.plist */ = {isa = PBXFileReference; lastKnownFileType = text.plist.xml; path = Info.plist; sourceTree = "<group>"; };
		95882A961C06A56A002BD9DE /* ServiceManager.swift */ = {isa = PBXFileReference; fileEncoding = 4; lastKnownFileType = sourcecode.swift; path = ServiceManager.swift; sourceTree = "<group>"; };
		B131731C1C0BCB6300C56DB4 /* images */ = {isa = PBXFileReference; lastKnownFileType = folder; path = images; sourceTree = "<group>"; };
		B131731E1C0BCBAE00C56DB4 /* profile.gif */ = {isa = PBXFileReference; lastKnownFileType = image.gif; name = profile.gif; path = ../images/profile.gif; sourceTree = "<group>"; };
		B13173201C0BCF1300C56DB4 /* SideHustle-Bridging-Header.h */ = {isa = PBXFileReference; lastKnownFileType = sourcecode.c.h; path = "SideHustle-Bridging-Header.h"; sourceTree = "<group>"; };
		B131732A1C0BD07A00C56DB4 /* ProfileVC.h */ = {isa = PBXFileReference; fileEncoding = 4; lastKnownFileType = sourcecode.c.h; path = ProfileVC.h; sourceTree = "<group>"; };
		B131732B1C0BD07A00C56DB4 /* ProfileVC.m */ = {isa = PBXFileReference; fileEncoding = 4; lastKnownFileType = sourcecode.c.objc; path = ProfileVC.m; sourceTree = "<group>"; };
		B131732D1C0BD09300C56DB4 /* BrowserVC.h */ = {isa = PBXFileReference; fileEncoding = 4; lastKnownFileType = sourcecode.c.h; path = BrowserVC.h; sourceTree = "<group>"; };
		B131732E1C0BD09300C56DB4 /* BrowserVC.m */ = {isa = PBXFileReference; fileEncoding = 4; lastKnownFileType = sourcecode.c.objc; path = BrowserVC.m; sourceTree = "<group>"; };
		B13173301C0BD2DD00C56DB4 /* fonts */ = {isa = PBXFileReference; lastKnownFileType = folder; path = fonts; sourceTree = "<group>"; };
		B13173321C0BDE1800C56DB4 /* User.h */ = {isa = PBXFileReference; fileEncoding = 4; lastKnownFileType = sourcecode.c.h; path = User.h; sourceTree = "<group>"; };
		B13173331C0BDE1800C56DB4 /* User.m */ = {isa = PBXFileReference; fileEncoding = 4; lastKnownFileType = sourcecode.c.objc; path = User.m; sourceTree = "<group>"; };
		B13173351C0CAE6800C56DB4 /* NavController.h */ = {isa = PBXFileReference; fileEncoding = 4; lastKnownFileType = sourcecode.c.h; path = NavController.h; sourceTree = "<group>"; };
		B13173361C0CAE6800C56DB4 /* NavController.m */ = {isa = PBXFileReference; fileEncoding = 4; lastKnownFileType = sourcecode.c.objc; path = NavController.m; sourceTree = "<group>"; };
/* End PBXFileReference section */

/* Begin PBXFrameworksBuildPhase section */
		95882A621C069F43002BD9DE /* Frameworks */ = {
			isa = PBXFrameworksBuildPhase;
			buildActionMask = 2147483647;
			files = (
			);
			runOnlyForDeploymentPostprocessing = 0;
		};
		95882A761C069F43002BD9DE /* Frameworks */ = {
			isa = PBXFrameworksBuildPhase;
			buildActionMask = 2147483647;
			files = (
			);
			runOnlyForDeploymentPostprocessing = 0;
		};
		95882A811C069F43002BD9DE /* Frameworks */ = {
			isa = PBXFrameworksBuildPhase;
			buildActionMask = 2147483647;
			files = (
			);
			runOnlyForDeploymentPostprocessing = 0;
		};
/* End PBXFrameworksBuildPhase section */

/* Begin PBXGroup section */
		95882A5C1C069F43002BD9DE = {
			isa = PBXGroup;
			children = (
				95882A671C069F43002BD9DE /* SideHustle */,
				95882A7C1C069F43002BD9DE /* SideHustleTests */,
				95882A871C069F43002BD9DE /* SideHustleUITests */,
				95882A661C069F43002BD9DE /* Products */,
				B13173301C0BD2DD00C56DB4 /* fonts */,
				B131731C1C0BCB6300C56DB4 /* images */,
			);
			sourceTree = "<group>";
		};
		95882A661C069F43002BD9DE /* Products */ = {
			isa = PBXGroup;
			children = (
				95882A651C069F43002BD9DE /* SideHustle.app */,
				95882A791C069F43002BD9DE /* SideHustleTests.xctest */,
				95882A841C069F43002BD9DE /* SideHustleUITests.xctest */,
			);
			name = Products;
			sourceTree = "<group>";
		};
		95882A671C069F43002BD9DE /* SideHustle */ = {
			isa = PBXGroup;
			children = (
				B131732D1C0BD09300C56DB4 /* BrowserVC.h */,
				B131732E1C0BD09300C56DB4 /* BrowserVC.m */,
				B131731E1C0BCBAE00C56DB4 /* profile.gif */,
				95882A681C069F43002BD9DE /* AppDelegate.swift */,
				95882A961C06A56A002BD9DE /* ServiceManager.swift */,
				95882A6C1C069F43002BD9DE /* Main.storyboard */,
				B13173351C0CAE6800C56DB4 /* NavController.h */,
				B13173361C0CAE6800C56DB4 /* NavController.m */,
				B13173321C0BDE1800C56DB4 /* User.h */,
				B13173331C0BDE1800C56DB4 /* User.m */,
				95882A6F1C069F43002BD9DE /* Assets.xcassets */,
				95882A711C069F43002BD9DE /* LaunchScreen.storyboard */,
				95882A741C069F43002BD9DE /* Info.plist */,
				B13173201C0BCF1300C56DB4 /* SideHustle-Bridging-Header.h */,
				B131732A1C0BD07A00C56DB4 /* ProfileVC.h */,
				B131732B1C0BD07A00C56DB4 /* ProfileVC.m */,
			);
			path = SideHustle;
			sourceTree = "<group>";
		};
		95882A7C1C069F43002BD9DE /* SideHustleTests */ = {
			isa = PBXGroup;
			children = (
				95882A7D1C069F43002BD9DE /* SideHustleTests.swift */,
				95882A7F1C069F43002BD9DE /* Info.plist */,
			);
			path = SideHustleTests;
			sourceTree = "<group>";
		};
		95882A871C069F43002BD9DE /* SideHustleUITests */ = {
			isa = PBXGroup;
			children = (
				95882A881C069F43002BD9DE /* SideHustleUITests.swift */,
				95882A8A1C069F43002BD9DE /* Info.plist */,
			);
			path = SideHustleUITests;
			sourceTree = "<group>";
		};
/* End PBXGroup section */

/* Begin PBXNativeTarget section */
		95882A641C069F43002BD9DE /* SideHustle */ = {
			isa = PBXNativeTarget;
			buildConfigurationList = 95882A8D1C069F43002BD9DE /* Build configuration list for PBXNativeTarget "SideHustle" */;
			buildPhases = (
				95882A611C069F43002BD9DE /* Sources */,
				95882A621C069F43002BD9DE /* Frameworks */,
				95882A631C069F43002BD9DE /* Resources */,
			);
			buildRules = (
			);
			dependencies = (
			);
			name = SideHustle;
			productName = SideHustle;
			productReference = 95882A651C069F43002BD9DE /* SideHustle.app */;
			productType = "com.apple.product-type.application";
		};
		95882A781C069F43002BD9DE /* SideHustleTests */ = {
			isa = PBXNativeTarget;
			buildConfigurationList = 95882A901C069F43002BD9DE /* Build configuration list for PBXNativeTarget "SideHustleTests" */;
			buildPhases = (
				95882A751C069F43002BD9DE /* Sources */,
				95882A761C069F43002BD9DE /* Frameworks */,
				95882A771C069F43002BD9DE /* Resources */,
			);
			buildRules = (
			);
			dependencies = (
				95882A7B1C069F43002BD9DE /* PBXTargetDependency */,
			);
			name = SideHustleTests;
			productName = SideHustleTests;
			productReference = 95882A791C069F43002BD9DE /* SideHustleTests.xctest */;
			productType = "com.apple.product-type.bundle.unit-test";
		};
		95882A831C069F43002BD9DE /* SideHustleUITests */ = {
			isa = PBXNativeTarget;
			buildConfigurationList = 95882A931C069F43002BD9DE /* Build configuration list for PBXNativeTarget "SideHustleUITests" */;
			buildPhases = (
				95882A801C069F43002BD9DE /* Sources */,
				95882A811C069F43002BD9DE /* Frameworks */,
				95882A821C069F43002BD9DE /* Resources */,
			);
			buildRules = (
			);
			dependencies = (
				95882A861C069F43002BD9DE /* PBXTargetDependency */,
			);
			name = SideHustleUITests;
			productName = SideHustleUITests;
			productReference = 95882A841C069F43002BD9DE /* SideHustleUITests.xctest */;
			productType = "com.apple.product-type.bundle.ui-testing";
		};
/* End PBXNativeTarget section */

/* Begin PBXProject section */
		95882A5D1C069F43002BD9DE /* Project object */ = {
			isa = PBXProject;
			attributes = {
				LastSwiftUpdateCheck = 0710;
				LastUpgradeCheck = 0710;
				ORGANIZATIONNAME = annayelizarova;
				TargetAttributes = {
					95882A641C069F43002BD9DE = {
						CreatedOnToolsVersion = 7.1.1;
						DevelopmentTeam = 9JGD3EP6R4;
					};
					95882A781C069F43002BD9DE = {
						CreatedOnToolsVersion = 7.1.1;
						TestTargetID = 95882A641C069F43002BD9DE;
					};
					95882A831C069F43002BD9DE = {
						CreatedOnToolsVersion = 7.1.1;
						TestTargetID = 95882A641C069F43002BD9DE;
					};
				};
			};
			buildConfigurationList = 95882A601C069F43002BD9DE /* Build configuration list for PBXProject "SideHustle" */;
			compatibilityVersion = "Xcode 3.2";
			developmentRegion = English;
			hasScannedForEncodings = 0;
			knownRegions = (
				en,
				Base,
			);
			mainGroup = 95882A5C1C069F43002BD9DE;
			productRefGroup = 95882A661C069F43002BD9DE /* Products */;
			projectDirPath = "";
			projectRoot = "";
			targets = (
				95882A641C069F43002BD9DE /* SideHustle */,
				95882A781C069F43002BD9DE /* SideHustleTests */,
				95882A831C069F43002BD9DE /* SideHustleUITests */,
			);
		};
/* End PBXProject section */

/* Begin PBXResourcesBuildPhase section */
		95882A631C069F43002BD9DE /* Resources */ = {
			isa = PBXResourcesBuildPhase;
			buildActionMask = 2147483647;
			files = (
				B131731D1C0BCB6300C56DB4 /* images in Resources */,
				95882A731C069F43002BD9DE /* LaunchScreen.storyboard in Resources */,
				95882A701C069F43002BD9DE /* Assets.xcassets in Resources */,
				B13173311C0BD2DD00C56DB4 /* fonts in Resources */,
				B131731F1C0BCBAE00C56DB4 /* profile.gif in Resources */,
				95882A6E1C069F43002BD9DE /* Main.storyboard in Resources */,
			);
			runOnlyForDeploymentPostprocessing = 0;
		};
		95882A771C069F43002BD9DE /* Resources */ = {
			isa = PBXResourcesBuildPhase;
			buildActionMask = 2147483647;
			files = (
			);
			runOnlyForDeploymentPostprocessing = 0;
		};
		95882A821C069F43002BD9DE /* Resources */ = {
			isa = PBXResourcesBuildPhase;
			buildActionMask = 2147483647;
			files = (
			);
			runOnlyForDeploymentPostprocessing = 0;
		};
/* End PBXResourcesBuildPhase section */

/* Begin PBXSourcesBuildPhase section */
		95882A611C069F43002BD9DE /* Sources */ = {
			isa = PBXSourcesBuildPhase;
			buildActionMask = 2147483647;
			files = (
				95882A691C069F43002BD9DE /* AppDelegate.swift in Sources */,
				B131732C1C0BD07A00C56DB4 /* ProfileVC.m in Sources */,
				B13173341C0BDE1800C56DB4 /* User.m in Sources */,
				B13173371C0CAE6800C56DB4 /* NavController.m in Sources */,
				95882A971C06A56A002BD9DE /* ServiceManager.swift in Sources */,
				B131732F1C0BD09300C56DB4 /* BrowserVC.m in Sources */,
			);
			runOnlyForDeploymentPostprocessing = 0;
		};
		95882A751C069F43002BD9DE /* Sources */ = {
			isa = PBXSourcesBuildPhase;
			buildActionMask = 2147483647;
			files = (
				95882A7E1C069F43002BD9DE /* SideHustleTests.swift in Sources */,
			);
			runOnlyForDeploymentPostprocessing = 0;
		};
		95882A801C069F43002BD9DE /* Sources */ = {
			isa = PBXSourcesBuildPhase;
			buildActionMask = 2147483647;
			files = (
				95882A891C069F43002BD9DE /* SideHustleUITests.swift in Sources */,
			);
			runOnlyForDeploymentPostprocessing = 0;
		};
/* End PBXSourcesBuildPhase section */

/* Begin PBXTargetDependency section */
		95882A7B1C069F43002BD9DE /* PBXTargetDependency */ = {
			isa = PBXTargetDependency;
			target = 95882A641C069F43002BD9DE /* SideHustle */;
			targetProxy = 95882A7A1C069F43002BD9DE /* PBXContainerItemProxy */;
		};
		95882A861C069F43002BD9DE /* PBXTargetDependency */ = {
			isa = PBXTargetDependency;
			target = 95882A641C069F43002BD9DE /* SideHustle */;
			targetProxy = 95882A851C069F43002BD9DE /* PBXContainerItemProxy */;
		};
/* End PBXTargetDependency section */

/* Begin PBXVariantGroup section */
		95882A6C1C069F43002BD9DE /* Main.storyboard */ = {
			isa = PBXVariantGroup;
			children = (
				95882A6D1C069F43002BD9DE /* Base */,
			);
			name = Main.storyboard;
			sourceTree = "<group>";
		};
		95882A711C069F43002BD9DE /* LaunchScreen.storyboard */ = {
			isa = PBXVariantGroup;
			children = (
				95882A721C069F43002BD9DE /* Base */,
			);
			name = LaunchScreen.storyboard;
			sourceTree = "<group>";
		};
/* End PBXVariantGroup section */

/* Begin XCBuildConfiguration section */
		95882A8B1C069F43002BD9DE /* Debug */ = {
			isa = XCBuildConfiguration;
			buildSettings = {
				ALWAYS_SEARCH_USER_PATHS = NO;
				CLANG_CXX_LANGUAGE_STANDARD = "gnu++0x";
				CLANG_CXX_LIBRARY = "libc++";
				CLANG_ENABLE_MODULES = YES;
				CLANG_ENABLE_OBJC_ARC = YES;
				CLANG_WARN_BOOL_CONVERSION = YES;
				CLANG_WARN_CONSTANT_CONVERSION = YES;
				CLANG_WARN_DIRECT_OBJC_ISA_USAGE = YES_ERROR;
				CLANG_WARN_EMPTY_BODY = YES;
				CLANG_WARN_ENUM_CONVERSION = YES;
				CLANG_WARN_INT_CONVERSION = YES;
				CLANG_WARN_OBJC_ROOT_CLASS = YES_ERROR;
				CLANG_WARN_UNREACHABLE_CODE = YES;
				CLANG_WARN__DUPLICATE_METHOD_MATCH = YES;
				"CODE_SIGN_IDENTITY[sdk=iphoneos*]" = "iPhone Developer";
				COPY_PHASE_STRIP = NO;
				DEBUG_INFORMATION_FORMAT = dwarf;
				ENABLE_STRICT_OBJC_MSGSEND = YES;
				ENABLE_TESTABILITY = YES;
				GCC_C_LANGUAGE_STANDARD = gnu99;
				GCC_DYNAMIC_NO_PIC = NO;
				GCC_NO_COMMON_BLOCKS = YES;
				GCC_OPTIMIZATION_LEVEL = 0;
				GCC_PREPROCESSOR_DEFINITIONS = (
					"DEBUG=1",
					"$(inherited)",
				);
				GCC_WARN_64_TO_32_BIT_CONVERSION = YES;
				GCC_WARN_ABOUT_RETURN_TYPE = YES_ERROR;
				GCC_WARN_UNDECLARED_SELECTOR = YES;
				GCC_WARN_UNINITIALIZED_AUTOS = YES_AGGRESSIVE;
				GCC_WARN_UNUSED_FUNCTION = YES;
				GCC_WARN_UNUSED_VARIABLE = YES;
				IPHONEOS_DEPLOYMENT_TARGET = 9.1;
				MTL_ENABLE_DEBUG_INFO = YES;
				ONLY_ACTIVE_ARCH = YES;
				SDKROOT = iphoneos;
				SWIFT_OPTIMIZATION_LEVEL = "-Onone";
				TARGETED_DEVICE_FAMILY = "1,2";
			};
			name = Debug;
		};
		95882A8C1C069F43002BD9DE /* Release */ = {
			isa = XCBuildConfiguration;
			buildSettings = {
				ALWAYS_SEARCH_USER_PATHS = NO;
				CLANG_CXX_LANGUAGE_STANDARD = "gnu++0x";
				CLANG_CXX_LIBRARY = "libc++";
				CLANG_ENABLE_MODULES = YES;
				CLANG_ENABLE_OBJC_ARC = YES;
				CLANG_WARN_BOOL_CONVERSION = YES;
				CLANG_WARN_CONSTANT_CONVERSION = YES;
				CLANG_WARN_DIRECT_OBJC_ISA_USAGE = YES_ERROR;
				CLANG_WARN_EMPTY_BODY = YES;
				CLANG_WARN_ENUM_CONVERSION = YES;
				CLANG_WARN_INT_CONVERSION = YES;
				CLANG_WARN_OBJC_ROOT_CLASS = YES_ERROR;
				CLANG_WARN_UNREACHABLE_CODE = YES;
				CLANG_WARN__DUPLICATE_METHOD_MATCH = YES;
				"CODE_SIGN_IDENTITY[sdk=iphoneos*]" = "iPhone Developer";
				COPY_PHASE_STRIP = NO;
				DEBUG_INFORMATION_FORMAT = "dwarf-with-dsym";
				ENABLE_NS_ASSERTIONS = NO;
				ENABLE_STRICT_OBJC_MSGSEND = YES;
				GCC_C_LANGUAGE_STANDARD = gnu99;
				GCC_NO_COMMON_BLOCKS = YES;
				GCC_WARN_64_TO_32_BIT_CONVERSION = YES;
				GCC_WARN_ABOUT_RETURN_TYPE = YES_ERROR;
				GCC_WARN_UNDECLARED_SELECTOR = YES;
				GCC_WARN_UNINITIALIZED_AUTOS = YES_AGGRESSIVE;
				GCC_WARN_UNUSED_FUNCTION = YES;
				GCC_WARN_UNUSED_VARIABLE = YES;
				IPHONEOS_DEPLOYMENT_TARGET = 9.1;
				MTL_ENABLE_DEBUG_INFO = NO;
				SDKROOT = iphoneos;
				TARGETED_DEVICE_FAMILY = "1,2";
				VALIDATE_PRODUCT = YES;
			};
			name = Release;
		};
		95882A8E1C069F43002BD9DE /* Debug */ = {
			isa = XCBuildConfiguration;
			buildSettings = {
				ASSETCATALOG_COMPILER_APPICON_NAME = AppIcon;
				CLANG_ENABLE_MODULES = YES;
				CODE_SIGN_IDENTITY = "iPhone Developer";
				"CODE_SIGN_IDENTITY[sdk=iphoneos*]" = "iPhone Developer";
				INFOPLIST_FILE = SideHustle/Info.plist;
				IPHONEOS_DEPLOYMENT_TARGET = 8.0;
				LD_RUNPATH_SEARCH_PATHS = "$(inherited) @executable_path/Frameworks";
				PRODUCT_BUNDLE_IDENTIFIER = "com.side-hustle";
				PRODUCT_NAME = "$(TARGET_NAME)";
				PROVISIONING_PROFILE = "";
				SWIFT_OBJC_BRIDGING_HEADER = "SideHustle/SideHustle-Bridging-Header.h";
				SWIFT_OPTIMIZATION_LEVEL = "-Onone";
			};
			name = Debug;
		};
		95882A8F1C069F43002BD9DE /* Release */ = {
			isa = XCBuildConfiguration;
			buildSettings = {
				ASSETCATALOG_COMPILER_APPICON_NAME = AppIcon;
				CLANG_ENABLE_MODULES = YES;
				CODE_SIGN_IDENTITY = "iPhone Developer";
				"CODE_SIGN_IDENTITY[sdk=iphoneos*]" = "iPhone Developer";
				INFOPLIST_FILE = SideHustle/Info.plist;
				IPHONEOS_DEPLOYMENT_TARGET = 8.0;
				LD_RUNPATH_SEARCH_PATHS = "$(inherited) @executable_path/Frameworks";
				PRODUCT_BUNDLE_IDENTIFIER = "com.side-hustle";
				PRODUCT_NAME = "$(TARGET_NAME)";
				PROVISIONING_PROFILE = "";
				SWIFT_OBJC_BRIDGING_HEADER = "SideHustle/SideHustle-Bridging-Header.h";
			};
			name = Release;
		};
		95882A911C069F43002BD9DE /* Debug */ = {
			isa = XCBuildConfiguration;
			buildSettings = {
				BUNDLE_LOADER = "$(TEST_HOST)";
				INFOPLIST_FILE = SideHustleTests/Info.plist;
				LD_RUNPATH_SEARCH_PATHS = "$(inherited) @executable_path/Frameworks @loader_path/Frameworks";
				PRODUCT_BUNDLE_IDENTIFIER = maj.SideHustleTests;
				PRODUCT_NAME = "$(TARGET_NAME)";
				TEST_HOST = "$(BUILT_PRODUCTS_DIR)/SideHustle.app/SideHustle";
			};
			name = Debug;
		};
		95882A921C069F43002BD9DE /* Release */ = {
			isa = XCBuildConfiguration;
			buildSettings = {
				BUNDLE_LOADER = "$(TEST_HOST)";
				INFOPLIST_FILE = SideHustleTests/Info.plist;
				LD_RUNPATH_SEARCH_PATHS = "$(inherited) @executable_path/Frameworks @loader_path/Frameworks";
				PRODUCT_BUNDLE_IDENTIFIER = maj.SideHustleTests;
				PRODUCT_NAME = "$(TARGET_NAME)";
				TEST_HOST = "$(BUILT_PRODUCTS_DIR)/SideHustle.app/SideHustle";
			};
			name = Release;
		};
		95882A941C069F43002BD9DE /* Debug */ = {
			isa = XCBuildConfiguration;
			buildSettings = {
				INFOPLIST_FILE = SideHustleUITests/Info.plist;
				LD_RUNPATH_SEARCH_PATHS = "$(inherited) @executable_path/Frameworks @loader_path/Frameworks";
				PRODUCT_BUNDLE_IDENTIFIER = maj.SideHustleUITests;
				PRODUCT_NAME = "$(TARGET_NAME)";
				TEST_TARGET_NAME = SideHustle;
				USES_XCTRUNNER = YES;
			};
			name = Debug;
		};
		95882A951C069F43002BD9DE /* Release */ = {
			isa = XCBuildConfiguration;
			buildSettings = {
				INFOPLIST_FILE = SideHustleUITests/Info.plist;
				LD_RUNPATH_SEARCH_PATHS = "$(inherited) @executable_path/Frameworks @loader_path/Frameworks";
				PRODUCT_BUNDLE_IDENTIFIER = maj.SideHustleUITests;
				PRODUCT_NAME = "$(TARGET_NAME)";
				TEST_TARGET_NAME = SideHustle;
				USES_XCTRUNNER = YES;
			};
			name = Release;
		};
/* End XCBuildConfiguration section */

/* Begin XCConfigurationList section */
		95882A601C069F43002BD9DE /* Build configuration list for PBXProject "SideHustle" */ = {
			isa = XCConfigurationList;
			buildConfigurations = (
				95882A8B1C069F43002BD9DE /* Debug */,
				95882A8C1C069F43002BD9DE /* Release */,
			);
			defaultConfigurationIsVisible = 0;
			defaultConfigurationName = Release;
		};
		95882A8D1C069F43002BD9DE /* Build configuration list for PBXNativeTarget "SideHustle" */ = {
			isa = XCConfigurationList;
			buildConfigurations = (
				95882A8E1C069F43002BD9DE /* Debug */,
				95882A8F1C069F43002BD9DE /* Release */,
			);
			defaultConfigurationIsVisible = 0;
			defaultConfigurationName = Release;
		};
		95882A901C069F43002BD9DE /* Build configuration list for PBXNativeTarget "SideHustleTests" */ = {
			isa = XCConfigurationList;
			buildConfigurations = (
				95882A911C069F43002BD9DE /* Debug */,
				95882A921C069F43002BD9DE /* Release */,
			);
			defaultConfigurationIsVisible = 0;
			defaultConfigurationName = Release;
		};
		95882A931C069F43002BD9DE /* Build configuration list for PBXNativeTarget "SideHustleUITests" */ = {
			isa = XCConfigurationList;
			buildConfigurations = (
				95882A941C069F43002BD9DE /* Debug */,
				95882A951C069F43002BD9DE /* Release */,
			);
			defaultConfigurationIsVisible = 0;
			defaultConfigurationName = Release;
		};
/* End XCConfigurationList section */
	};
	rootObject = 95882A5D1C069F43002BD9DE /* Project object */;
}
